
Microsoft Visual Studio Solution File, Format Version 12.00
# Visual Studio Version 16
VisualStudioVersion = 16.0.30611.23
MinimumVisualStudioVersion = 10.0.40219.1
Project("{9A19103F-16F7-4668-BE54-9A1E7A4F7556}") = "OrderManagementHub", "OrderManagementHub\OrderManagementHub.csproj", "{D8FBFC4E-4567-4535-8147-6E80B19D328D}"
EndProject
Project("{FAE04EC0-301F-11D3-BF4B-00C04F79EFBC}") = "OrdersClient", "OrdersClient\OrdersClient.csproj", "{E2702AAD-4294-4976-9F69-C1183B40A64A}"
EndProject
Global
	GlobalSection(SolutionConfigurationPlatforms) = preSolution
		Debug|Any CPU = Debug|Any CPU
		Release|Any CPU = Release|Any CPU
	EndGlobalSection
	GlobalSection(ProjectConfigurationPlatforms) = postSolution
		{D8FBFC4E-4567-4535-8147-6E80B19D328D}.Debug|Any CPU.ActiveCfg = Debug|Any CPU
		{D8FBFC4E-4567-4535-8147-6E80B19D328D}.Debug|Any CPU.Build.0 = Debug|Any CPU
		{D8FBFC4E-4567-4535-8147-6E80B19D328D}.Release|Any CPU.ActiveCfg = Release|Any CPU
		{D8FBFC4E-4567-4535-8147-6E80B19D328D}.Release|Any CPU.Build.0 = Release|Any CPU
		{E2702AAD-4294-4976-9F69-C1183B40A64A}.Debug|Any CPU.ActiveCfg = Debug|Any CPU
		{E2702AAD-4294-4976-9F69-C1183B40A64A}.Debug|Any CPU.Build.0 = Debug|Any CPU
		{E2702AAD-4294-4976-9F69-C1183B40A64A}.Release|Any CPU.ActiveCfg = Release|Any CPU
		{E2702AAD-4294-4976-9F69-C1183B40A64A}.Release|Any CPU.Build.0 = Release|Any CPU
	EndGlobalSection
	GlobalSection(SolutionProperties) = preSolution
		HideSolutionNode = FALSE
	EndGlobalSection
	GlobalSection(ExtensibilityGlobals) = postSolution
		SolutionGuid = {AD9538DA-6D8B-4FD9-B92E-7F4AE29C3D45}
	EndGlobalSection
EndGlobal
